
Microsoft Visual Studio Solution File, Format Version 12.00
# Visual Studio Version 16
VisualStudioVersion = 16.0.31702.278
MinimumVisualStudioVersion = 10.0.40219.1
Project("{8BC9CEB8-8B4A-11D0-8D11-00A0C91BC942}") = "Steering", "Steering.vcxproj", "{DA47C2AA-DFC8-41C6-951D-BD8F0D6DB68D}"
EndProject
Global
	GlobalSection(SolutionConfigurationPlatforms) = preSolution
		Debug|x86 = Debug|x86
		Release|x86 = Release|x86
	EndGlobalSection
	GlobalSection(ProjectConfigurationPlatforms) = postSolution
		{DA47C2AA-DFC8-41C6-951D-BD8F0D6DB68D}.Debug|x86.ActiveCfg = Debug|Win32
		{DA47C2AA-DFC8-41C6-951D-BD8F0D6DB68D}.Debug|x86.Build.0 = Debug|Win32
		{DA47C2AA-DFC8-41C6-951D-BD8F0D6DB68D}.Release|x86.ActiveCfg = Release|Win32
		{DA47C2AA-DFC8-41C6-951D-BD8F0D6DB68D}.Release|x86.Build.0 = Release|Win32
	EndGlobalSection
	GlobalSection(SolutionProperties) = preSolution
		HideSolutionNode = FALSE
	EndGlobalSection
	GlobalSection(ExtensibilityGlobals) = postSolution
		SolutionGuid = {C6A4B7F7-5286-4BDB-AEE9-DF50DB3BDCE3}
	EndGlobalSection
EndGlobal
